// !$*UTF8*$!
{
	archiveVersion = 1;
	classes = {
	};
	objectVersion = 46;
	objects = {

/* Begin PBXBuildFile section */
		A102EBC71B006BFB00646844 /* comChart.m in Sources */ = {isa = PBXBuildFile; fileRef = A102EBC61B006BFB00646844 /* comChart.m */; };
		A102EBCA1B007A6F00646844 /* GlobalVars.m in Sources */ = {isa = PBXBuildFile; fileRef = A102EBC91B007A6F00646844 /* GlobalVars.m */; };
		A1C9174D1AF60266002EBAFE /* Foundation.framework in Frameworks */ = {isa = PBXBuildFile; fileRef = A1C9174C1AF60266002EBAFE /* Foundation.framework */; };
		A1C9174F1AF60266002EBAFE /* CoreGraphics.framework in Frameworks */ = {isa = PBXBuildFile; fileRef = A1C9174E1AF60266002EBAFE /* CoreGraphics.framework */; };
		A1C917511AF60266002EBAFE /* UIKit.framework in Frameworks */ = {isa = PBXBuildFile; fileRef = A1C917501AF60266002EBAFE /* UIKit.framework */; };
		A1C917571AF60266002EBAFE /* InfoPlist.strings in Resources */ = {isa = PBXBuildFile; fileRef = A1C917551AF60266002EBAFE /* InfoPlist.strings */; };
		A1C917591AF60266002EBAFE /* main.m in Sources */ = {isa = PBXBuildFile; fileRef = A1C917581AF60266002EBAFE /* main.m */; };
		A1C9175D1AF60266002EBAFE /* comAppDelegate.m in Sources */ = {isa = PBXBuildFile; fileRef = A1C9175C1AF60266002EBAFE /* comAppDelegate.m */; };
		A1C917601AF60266002EBAFE /* Main_iPhone.storyboard in Resources */ = {isa = PBXBuildFile; fileRef = A1C9175E1AF60266002EBAFE /* Main_iPhone.storyboard */; };
		A1C917631AF60266002EBAFE /* Main_iPad.storyboard in Resources */ = {isa = PBXBuildFile; fileRef = A1C917611AF60266002EBAFE /* Main_iPad.storyboard */; };
		A1C917661AF60266002EBAFE /* comViewController.m in Sources */ = {isa = PBXBuildFile; fileRef = A1C917651AF60266002EBAFE /* comViewController.m */; };
		A1C917681AF60266002EBAFE /* Images.xcassets in Resources */ = {isa = PBXBuildFile; fileRef = A1C917671AF60266002EBAFE /* Images.xcassets */; };
		A1C9176F1AF60266002EBAFE /* XCTest.framework in Frameworks */ = {isa = PBXBuildFile; fileRef = A1C9176E1AF60266002EBAFE /* XCTest.framework */; };
		A1C917701AF60266002EBAFE /* Foundation.framework in Frameworks */ = {isa = PBXBuildFile; fileRef = A1C9174C1AF60266002EBAFE /* Foundation.framework */; };
		A1C917711AF60266002EBAFE /* UIKit.framework in Frameworks */ = {isa = PBXBuildFile; fileRef = A1C917501AF60266002EBAFE /* UIKit.framework */; };
		A1C917791AF60266002EBAFE /* InfoPlist.strings in Resources */ = {isa = PBXBuildFile; fileRef = A1C917771AF60266002EBAFE /* InfoPlist.strings */; };
		A1C9177B1AF60266002EBAFE /* WBTests.m in Sources */ = {isa = PBXBuildFile; fileRef = A1C9177A1AF60266002EBAFE /* WBTests.m */; };
		A1D773DC1AF74A7F0015108C /* checked.png in Resources */ = {isa = PBXBuildFile; fileRef = A1D773DA1AF74A7F0015108C /* checked.png */; };
		A1D773DD1AF74A7F0015108C /* unchecked.png in Resources */ = {isa = PBXBuildFile; fileRef = A1D773DB1AF74A7F0015108C /* unchecked.png */; };
		A565BF1A1B085F1F00599974 /* dataManipulatorViewController.m in Sources */ = {isa = PBXBuildFile; fileRef = A565BF191B085F1F00599974 /* dataManipulatorViewController.m */; };
		A565BF1D1B085F4500599974 /* addViewController.m in Sources */ = {isa = PBXBuildFile; fileRef = A565BF1C1B085F4500599974 /* addViewController.m */; };
		A565BF201B085F8F00599974 /* editViewController.m in Sources */ = {isa = PBXBuildFile; fileRef = A565BF1F1B085F8F00599974 /* editViewController.m */; };
		A5B4F35E1B07046300ED5DB0 /* CoreData.framework in Frameworks */ = {isa = PBXBuildFile; fileRef = A5B4F35D1B07046300ED5DB0 /* CoreData.framework */; };
		A5B4F3611B0704CE00ED5DB0 /* Model.xcdatamodeld in Sources */ = {isa = PBXBuildFile; fileRef = A5B4F35F1B0704CE00ED5DB0 /* Model.xcdatamodeld */; };
		C39366BF1E5D110000EE0AE6 /* 206.png in Resources */ = {isa = PBXBuildFile; fileRef = C39366B91E5D110000EE0AE6 /* 206.png */; };
		C39366C01E5D110000EE0AE6 /* blue.png in Resources */ = {isa = PBXBuildFile; fileRef = C39366BA1E5D110000EE0AE6 /* blue.png */; };
		C39366C11E5D110000EE0AE6 /* red.png in Resources */ = {isa = PBXBuildFile; fileRef = C39366BB1E5D110000EE0AE6 /* red.png */; };
		C39366C21E5D110000EE0AE6 /* seat-radio-off.png in Resources */ = {isa = PBXBuildFile; fileRef = C39366BC1E5D110000EE0AE6 /* seat-radio-off.png */; };
		C39366C31E5D110000EE0AE6 /* seat-radio-on.png in Resources */ = {isa = PBXBuildFile; fileRef = C39366BD1E5D110000EE0AE6 /* seat-radio-on.png */; };
		C39366C41E5D110000EE0AE6 /* white.png in Resources */ = {isa = PBXBuildFile; fileRef = C39366BE1E5D110000EE0AE6 /* white.png */; };
/* End PBXBuildFile section */

/* Begin PBXContainerItemProxy section */
		A1C917721AF60266002EBAFE /* PBXContainerItemProxy */ = {
			isa = PBXContainerItemProxy;
			containerPortal = A1C917411AF60266002EBAFE /* Project object */;
			proxyType = 1;
			remoteGlobalIDString = A1C917481AF60266002EBAFE;
			remoteInfo = WB;
		};
/* End PBXContainerItemProxy section */

/* Begin PBXFileReference section */
		A102EBC51B006BFB00646844 /* comChart.h */ = {isa = PBXFileReference; fileEncoding = 4; lastKnownFileType = sourcecode.c.h; path = comChart.h; sourceTree = "<group>"; };
		A102EBC61B006BFB00646844 /* comChart.m */ = {isa = PBXFileReference; fileEncoding = 4; lastKnownFileType = sourcecode.c.objc; path = comChart.m; sourceTree = "<group>"; };
		A102EBC81B007A6F00646844 /* GlobalVars.h */ = {isa = PBXFileReference; fileEncoding = 4; lastKnownFileType = sourcecode.c.h; path = GlobalVars.h; sourceTree = "<group>"; };
		A102EBC91B007A6F00646844 /* GlobalVars.m */ = {isa = PBXFileReference; fileEncoding = 4; lastKnownFileType = sourcecode.c.objc; path = GlobalVars.m; sourceTree = "<group>"; };
		A1C917491AF60266002EBAFE /* WB.app */ = {isa = PBXFileReference; explicitFileType = wrapper.application; includeInIndex = 0; path = WB.app; sourceTree = BUILT_PRODUCTS_DIR; };
		A1C9174C1AF60266002EBAFE /* Foundation.framework */ = {isa = PBXFileReference; lastKnownFileType = wrapper.framework; name = Foundation.framework; path = System/Library/Frameworks/Foundation.framework; sourceTree = SDKROOT; };
		A1C9174E1AF60266002EBAFE /* CoreGraphics.framework */ = {isa = PBXFileReference; lastKnownFileType = wrapper.framework; name = CoreGraphics.framework; path = System/Library/Frameworks/CoreGraphics.framework; sourceTree = SDKROOT; };
		A1C917501AF60266002EBAFE /* UIKit.framework */ = {isa = PBXFileReference; lastKnownFileType = wrapper.framework; name = UIKit.framework; path = System/Library/Frameworks/UIKit.framework; sourceTree = SDKROOT; };
		A1C917541AF60266002EBAFE /* WB-Info.plist */ = {isa = PBXFileReference; lastKnownFileType = text.plist.xml; path = "WB-Info.plist"; sourceTree = "<group>"; };
		A1C917561AF60266002EBAFE /* en */ = {isa = PBXFileReference; lastKnownFileType = text.plist.strings; name = en; path = en.lproj/InfoPlist.strings; sourceTree = "<group>"; };
		A1C917581AF60266002EBAFE /* main.m */ = {isa = PBXFileReference; lastKnownFileType = sourcecode.c.objc; path = main.m; sourceTree = "<group>"; };
		A1C9175A1AF60266002EBAFE /* WB-Prefix.pch */ = {isa = PBXFileReference; lastKnownFileType = sourcecode.c.h; path = "WB-Prefix.pch"; sourceTree = "<group>"; };
		A1C9175B1AF60266002EBAFE /* comAppDelegate.h */ = {isa = PBXFileReference; lastKnownFileType = sourcecode.c.h; path = comAppDelegate.h; sourceTree = "<group>"; };
		A1C9175C1AF60266002EBAFE /* comAppDelegate.m */ = {isa = PBXFileReference; lastKnownFileType = sourcecode.c.objc; path = comAppDelegate.m; sourceTree = "<group>"; };
		A1C9175F1AF60266002EBAFE /* Base */ = {isa = PBXFileReference; lastKnownFileType = file.storyboard; name = Base; path = Base.lproj/Main_iPhone.storyboard; sourceTree = "<group>"; };
		A1C917621AF60266002EBAFE /* Base */ = {isa = PBXFileReference; lastKnownFileType = file.storyboard; name = Base; path = Base.lproj/Main_iPad.storyboard; sourceTree = "<group>"; };
		A1C917641AF60266002EBAFE /* comViewController.h */ = {isa = PBXFileReference; lastKnownFileType = sourcecode.c.h; path = comViewController.h; sourceTree = "<group>"; };
		A1C917651AF60266002EBAFE /* comViewController.m */ = {isa = PBXFileReference; lastKnownFileType = sourcecode.c.objc; path = comViewController.m; sourceTree = "<group>"; };
		A1C917671AF60266002EBAFE /* Images.xcassets */ = {isa = PBXFileReference; lastKnownFileType = folder.assetcatalog; path = Images.xcassets; sourceTree = "<group>"; };
		A1C9176D1AF60266002EBAFE /* WBTests.xctest */ = {isa = PBXFileReference; explicitFileType = wrapper.cfbundle; includeInIndex = 0; path = WBTests.xctest; sourceTree = BUILT_PRODUCTS_DIR; };
		A1C9176E1AF60266002EBAFE /* XCTest.framework */ = {isa = PBXFileReference; lastKnownFileType = wrapper.framework; name = XCTest.framework; path = Library/Frameworks/XCTest.framework; sourceTree = DEVELOPER_DIR; };
		A1C917761AF60266002EBAFE /* WBTests-Info.plist */ = {isa = PBXFileReference; lastKnownFileType = text.plist.xml; path = "WBTests-Info.plist"; sourceTree = "<group>"; };
		A1C917781AF60266002EBAFE /* en */ = {isa = PBXFileReference; lastKnownFileType = text.plist.strings; name = en; path = en.lproj/InfoPlist.strings; sourceTree = "<group>"; };
		A1C9177A1AF60266002EBAFE /* WBTests.m */ = {isa = PBXFileReference; lastKnownFileType = sourcecode.c.objc; path = WBTests.m; sourceTree = "<group>"; };
		A1D773DA1AF74A7F0015108C /* checked.png */ = {isa = PBXFileReference; lastKnownFileType = image.png; path = checked.png; sourceTree = "<group>"; };
		A1D773DB1AF74A7F0015108C /* unchecked.png */ = {isa = PBXFileReference; lastKnownFileType = image.png; path = unchecked.png; sourceTree = "<group>"; };
		A565BF181B085F1F00599974 /* dataManipulatorViewController.h */ = {isa = PBXFileReference; fileEncoding = 4; lastKnownFileType = sourcecode.c.h; path = dataManipulatorViewController.h; sourceTree = "<group>"; };
		A565BF191B085F1F00599974 /* dataManipulatorViewController.m */ = {isa = PBXFileReference; fileEncoding = 4; lastKnownFileType = sourcecode.c.objc; path = dataManipulatorViewController.m; sourceTree = "<group>"; };
		A565BF1B1B085F4500599974 /* addViewController.h */ = {isa = PBXFileReference; fileEncoding = 4; lastKnownFileType = sourcecode.c.h; path = addViewController.h; sourceTree = "<group>"; };
		A565BF1C1B085F4500599974 /* addViewController.m */ = {isa = PBXFileReference; fileEncoding = 4; lastKnownFileType = sourcecode.c.objc; path = addViewController.m; sourceTree = "<group>"; };
		A565BF1E1B085F8F00599974 /* editViewController.h */ = {isa = PBXFileReference; fileEncoding = 4; lastKnownFileType = sourcecode.c.h; path = editViewController.h; sourceTree = "<group>"; };
		A565BF1F1B085F8F00599974 /* editViewController.m */ = {isa = PBXFileReference; fileEncoding = 4; lastKnownFileType = sourcecode.c.objc; path = editViewController.m; sourceTree = "<group>"; };
		A5B4F35D1B07046300ED5DB0 /* CoreData.framework */ = {isa = PBXFileReference; lastKnownFileType = wrapper.framework; name = CoreData.framework; path = System/Library/Frameworks/CoreData.framework; sourceTree = SDKROOT; };
		A5B4F3601B0704CE00ED5DB0 /* Model.xcdatamodel */ = {isa = PBXFileReference; lastKnownFileType = wrapper.xcdatamodel; path = Model.xcdatamodel; sourceTree = "<group>"; };
		C39366B91E5D110000EE0AE6 /* 206.png */ = {isa = PBXFileReference; lastKnownFileType = image.png; name = 206.png; path = ../../../../Documents/206.png; sourceTree = "<group>"; };
		C39366BA1E5D110000EE0AE6 /* blue.png */ = {isa = PBXFileReference; lastKnownFileType = image.png; name = blue.png; path = ../../../../Documents/blue.png; sourceTree = "<group>"; };
		C39366BB1E5D110000EE0AE6 /* red.png */ = {isa = PBXFileReference; lastKnownFileType = image.png; name = red.png; path = ../../../../Documents/red.png; sourceTree = "<group>"; };
		C39366BC1E5D110000EE0AE6 /* seat-radio-off.png */ = {isa = PBXFileReference; lastKnownFileType = image.png; name = "seat-radio-off.png"; path = "../../../../Documents/seat-radio-off.png"; sourceTree = "<group>"; };
		C39366BD1E5D110000EE0AE6 /* seat-radio-on.png */ = {isa = PBXFileReference; lastKnownFileType = image.png; name = "seat-radio-on.png"; path = "../../../../Documents/seat-radio-on.png"; sourceTree = "<group>"; };
		C39366BE1E5D110000EE0AE6 /* white.png */ = {isa = PBXFileReference; lastKnownFileType = image.png; name = white.png; path = ../../../../Documents/white.png; sourceTree = "<group>"; };
/* End PBXFileReference section */

/* Begin PBXFrameworksBuildPhase section */
		A1C917461AF60266002EBAFE /* Frameworks */ = {
			isa = PBXFrameworksBuildPhase;
			buildActionMask = 2147483647;
			files = (
				A5B4F35E1B07046300ED5DB0 /* CoreData.framework in Frameworks */,
				A1C9174F1AF60266002EBAFE /* CoreGraphics.framework in Frameworks */,
				A1C917511AF60266002EBAFE /* UIKit.framework in Frameworks */,
				A1C9174D1AF60266002EBAFE /* Foundation.framework in Frameworks */,
			);
			runOnlyForDeploymentPostprocessing = 0;
		};
		A1C9176A1AF60266002EBAFE /* Frameworks */ = {
			isa = PBXFrameworksBuildPhase;
			buildActionMask = 2147483647;
			files = (
				A1C9176F1AF60266002EBAFE /* XCTest.framework in Frameworks */,
				A1C917711AF60266002EBAFE /* UIKit.framework in Frameworks */,
				A1C917701AF60266002EBAFE /* Foundation.framework in Frameworks */,
			);
			runOnlyForDeploymentPostprocessing = 0;
		};
/* End PBXFrameworksBuildPhase section */

/* Begin PBXGroup section */
		A1C917401AF60266002EBAFE = {
			isa = PBXGroup;
			children = (
				A1C917521AF60266002EBAFE /* WB */,
				A1C917741AF60266002EBAFE /* WBTests */,
				A1C9174B1AF60266002EBAFE /* Frameworks */,
				A1C9174A1AF60266002EBAFE /* Products */,
			);
			sourceTree = "<group>";
		};
		A1C9174A1AF60266002EBAFE /* Products */ = {
			isa = PBXGroup;
			children = (
				A1C917491AF60266002EBAFE /* WB.app */,
				A1C9176D1AF60266002EBAFE /* WBTests.xctest */,
			);
			name = Products;
			sourceTree = "<group>";
		};
		A1C9174B1AF60266002EBAFE /* Frameworks */ = {
			isa = PBXGroup;
			children = (
				A5B4F35D1B07046300ED5DB0 /* CoreData.framework */,
				A1C9174C1AF60266002EBAFE /* Foundation.framework */,
				A1C9174E1AF60266002EBAFE /* CoreGraphics.framework */,
				A1C917501AF60266002EBAFE /* UIKit.framework */,
				A1C9176E1AF60266002EBAFE /* XCTest.framework */,
			);
			name = Frameworks;
			sourceTree = "<group>";
		};
		A1C917521AF60266002EBAFE /* WB */ = {
			isa = PBXGroup;
			children = (
				A1D773D91AF74A460015108C /* Images */,
				A1C9175B1AF60266002EBAFE /* comAppDelegate.h */,
				A1C9175C1AF60266002EBAFE /* comAppDelegate.m */,
				A1C9175E1AF60266002EBAFE /* Main_iPhone.storyboard */,
				A1C917611AF60266002EBAFE /* Main_iPad.storyboard */,
				A1C917641AF60266002EBAFE /* comViewController.h */,
				A1C917651AF60266002EBAFE /* comViewController.m */,
				A1C917671AF60266002EBAFE /* Images.xcassets */,
				A1C917531AF60266002EBAFE /* Supporting Files */,
				A102EBC51B006BFB00646844 /* comChart.h */,
				A102EBC61B006BFB00646844 /* comChart.m */,
				A102EBC81B007A6F00646844 /* GlobalVars.h */,
				A102EBC91B007A6F00646844 /* GlobalVars.m */,
				A565BF181B085F1F00599974 /* dataManipulatorViewController.h */,
				A565BF191B085F1F00599974 /* dataManipulatorViewController.m */,
				A565BF1B1B085F4500599974 /* addViewController.h */,
				A565BF1C1B085F4500599974 /* addViewController.m */,
				A565BF1E1B085F8F00599974 /* editViewController.h */,
				A565BF1F1B085F8F00599974 /* editViewController.m */,
			);
			path = WB;
			sourceTree = "<group>";
		};
		A1C917531AF60266002EBAFE /* Supporting Files */ = {
			isa = PBXGroup;
			children = (
				A1C917541AF60266002EBAFE /* WB-Info.plist */,
				A1C917551AF60266002EBAFE /* InfoPlist.strings */,
				A1C917581AF60266002EBAFE /* main.m */,
				A1C9175A1AF60266002EBAFE /* WB-Prefix.pch */,
				A5B4F35F1B0704CE00ED5DB0 /* Model.xcdatamodeld */,
			);
			name = "Supporting Files";
			sourceTree = "<group>";
		};
		A1C917741AF60266002EBAFE /* WBTests */ = {
			isa = PBXGroup;
			children = (
				A1C9177A1AF60266002EBAFE /* WBTests.m */,
				A1C917751AF60266002EBAFE /* Supporting Files */,
			);
			path = WBTests;
			sourceTree = "<group>";
		};
		A1C917751AF60266002EBAFE /* Supporting Files */ = {
			isa = PBXGroup;
			children = (
				A1C917761AF60266002EBAFE /* WBTests-Info.plist */,
				A1C917771AF60266002EBAFE /* InfoPlist.strings */,
			);
			name = "Supporting Files";
			sourceTree = "<group>";
		};
		A1D773D91AF74A460015108C /* Images */ = {
			isa = PBXGroup;
			children = (
				C39366B91E5D110000EE0AE6 /* 206.png */,
				C39366BA1E5D110000EE0AE6 /* blue.png */,
				C39366BB1E5D110000EE0AE6 /* red.png */,
				C39366BC1E5D110000EE0AE6 /* seat-radio-off.png */,
				C39366BD1E5D110000EE0AE6 /* seat-radio-on.png */,
				C39366BE1E5D110000EE0AE6 /* white.png */,
				A1D773DA1AF74A7F0015108C /* checked.png */,
				A1D773DB1AF74A7F0015108C /* unchecked.png */,
			);
			name = Images;
			sourceTree = "<group>";
		};
/* End PBXGroup section */

/* Begin PBXNativeTarget section */
		A1C917481AF60266002EBAFE /* WB */ = {
			isa = PBXNativeTarget;
			buildConfigurationList = A1C9177E1AF60266002EBAFE /* Build configuration list for PBXNativeTarget "WB" */;
			buildPhases = (
				A1C917451AF60266002EBAFE /* Sources */,
				A1C917461AF60266002EBAFE /* Frameworks */,
				A1C917471AF60266002EBAFE /* Resources */,
			);
			buildRules = (
			);
			dependencies = (
			);
			name = WB;
			productName = WB;
			productReference = A1C917491AF60266002EBAFE /* WB.app */;
			productType = "com.apple.product-type.application";
		};
		A1C9176C1AF60266002EBAFE /* WBTests */ = {
			isa = PBXNativeTarget;
			buildConfigurationList = A1C917811AF60266002EBAFE /* Build configuration list for PBXNativeTarget "WBTests" */;
			buildPhases = (
				A1C917691AF60266002EBAFE /* Sources */,
				A1C9176A1AF60266002EBAFE /* Frameworks */,
				A1C9176B1AF60266002EBAFE /* Resources */,
			);
			buildRules = (
			);
			dependencies = (
				A1C917731AF60266002EBAFE /* PBXTargetDependency */,
			);
			name = WBTests;
			productName = WBTests;
			productReference = A1C9176D1AF60266002EBAFE /* WBTests.xctest */;
			productType = "com.apple.product-type.bundle.unit-test";
		};
/* End PBXNativeTarget section */

/* Begin PBXProject section */
		A1C917411AF60266002EBAFE /* Project object */ = {
			isa = PBXProject;
			attributes = {
				CLASSPREFIX = com;
				LastUpgradeCheck = 0820;
				ORGANIZATIONNAME = "___FULLUSERNAME___";
				TargetAttributes = {
					A1C917481AF60266002EBAFE = {
						DevelopmentTeam = VBW44T669R;
					};
					A1C9176C1AF60266002EBAFE = {
						TestTargetID = A1C917481AF60266002EBAFE;
					};
				};
			};
			buildConfigurationList = A1C917441AF60266002EBAFE /* Build configuration list for PBXProject "WB" */;
			compatibilityVersion = "Xcode 3.2";
			developmentRegion = English;
			hasScannedForEncodings = 0;
			knownRegions = (
				en,
				Base,
			);
			mainGroup = A1C917401AF60266002EBAFE;
			productRefGroup = A1C9174A1AF60266002EBAFE /* Products */;
			projectDirPath = "";
			projectRoot = "";
			targets = (
				A1C917481AF60266002EBAFE /* WB */,
				A1C9176C1AF60266002EBAFE /* WBTests */,
			);
		};
/* End PBXProject section */

/* Begin PBXResourcesBuildPhase section */
		A1C917471AF60266002EBAFE /* Resources */ = {
			isa = PBXResourcesBuildPhase;
			buildActionMask = 2147483647;
			files = (
				A1D773DC1AF74A7F0015108C /* checked.png in Resources */,
				A1C917631AF60266002EBAFE /* Main_iPad.storyboard in Resources */,
				A1C917681AF60266002EBAFE /* Images.xcassets in Resources */,
				C39366C11E5D110000EE0AE6 /* red.png in Resources */,
				C39366C31E5D110000EE0AE6 /* seat-radio-on.png in Resources */,
				C39366C41E5D110000EE0AE6 /* white.png in Resources */,
				C39366C21E5D110000EE0AE6 /* seat-radio-off.png in Resources */,
				C39366C01E5D110000EE0AE6 /* blue.png in Resources */,
				A1C917601AF60266002EBAFE /* Main_iPhone.storyboard in Resources */,
				C39366BF1E5D110000EE0AE6 /* 206.png in Resources */,
				A1D773DD1AF74A7F0015108C /* unchecked.png in Resources */,
				A1C917571AF60266002EBAFE /* InfoPlist.strings in Resources */,
			);
			runOnlyForDeploymentPostprocessing = 0;
		};
		A1C9176B1AF60266002EBAFE /* Resources */ = {
			isa = PBXResourcesBuildPhase;
			buildActionMask = 2147483647;
			files = (
				A1C917791AF60266002EBAFE /* InfoPlist.strings in Resources */,
			);
			runOnlyForDeploymentPostprocessing = 0;
		};
/* End PBXResourcesBuildPhase section */

/* Begin PBXSourcesBuildPhase section */
		A1C917451AF60266002EBAFE /* Sources */ = {
			isa = PBXSourcesBuildPhase;
			buildActionMask = 2147483647;
			files = (
				A102EBCA1B007A6F00646844 /* GlobalVars.m in Sources */,
				A1C917661AF60266002EBAFE /* comViewController.m in Sources */,
				A1C9175D1AF60266002EBAFE /* comAppDelegate.m in Sources */,
				A102EBC71B006BFB00646844 /* comChart.m in Sources */,
				A565BF201B085F8F00599974 /* editViewController.m in Sources */,
				A1C917591AF60266002EBAFE /* main.m in Sources */,
				A565BF1D1B085F4500599974 /* addViewController.m in Sources */,
				A5B4F3611B0704CE00ED5DB0 /* Model.xcdatamodeld in Sources */,
				A565BF1A1B085F1F00599974 /* dataManipulatorViewController.m in Sources */,
			);
			runOnlyForDeploymentPostprocessing = 0;
		};
		A1C917691AF60266002EBAFE /* Sources */ = {
			isa = PBXSourcesBuildPhase;
			buildActionMask = 2147483647;
			files = (
				A1C9177B1AF60266002EBAFE /* WBTests.m in Sources */,
			);
			runOnlyForDeploymentPostprocessing = 0;
		};
/* End PBXSourcesBuildPhase section */

/* Begin PBXTargetDependency section */
		A1C917731AF60266002EBAFE /* PBXTargetDependency */ = {
			isa = PBXTargetDependency;
			target = A1C917481AF60266002EBAFE /* WB */;
			targetProxy = A1C917721AF60266002EBAFE /* PBXContainerItemProxy */;
		};
/* End PBXTargetDependency section */

/* Begin PBXVariantGroup section */
		A1C917551AF60266002EBAFE /* InfoPlist.strings */ = {
			isa = PBXVariantGroup;
			children = (
				A1C917561AF60266002EBAFE /* en */,
			);
			name = InfoPlist.strings;
			sourceTree = "<group>";
		};
		A1C9175E1AF60266002EBAFE /* Main_iPhone.storyboard */ = {
			isa = PBXVariantGroup;
			children = (
				A1C9175F1AF60266002EBAFE /* Base */,
			);
			name = Main_iPhone.storyboard;
			sourceTree = "<group>";
		};
		A1C917611AF60266002EBAFE /* Main_iPad.storyboard */ = {
			isa = PBXVariantGroup;
			children = (
				A1C917621AF60266002EBAFE /* Base */,
			);
			name = Main_iPad.storyboard;
			sourceTree = "<group>";
		};
		A1C917771AF60266002EBAFE /* InfoPlist.strings */ = {
			isa = PBXVariantGroup;
			children = (
				A1C917781AF60266002EBAFE /* en */,
			);
			name = InfoPlist.strings;
			sourceTree = "<group>";
		};
/* End PBXVariantGroup section */

/* Begin XCBuildConfiguration section */
		A1C9177C1AF60266002EBAFE /* Debug */ = {
			isa = XCBuildConfiguration;
			buildSettings = {
				ALWAYS_SEARCH_USER_PATHS = NO;
				CLANG_CXX_LANGUAGE_STANDARD = "gnu++0x";
				CLANG_CXX_LIBRARY = "libc++";
				CLANG_ENABLE_MODULES = YES;
				CLANG_ENABLE_OBJC_ARC = YES;
				CLANG_WARN_BOOL_CONVERSION = YES;
				CLANG_WARN_CONSTANT_CONVERSION = YES;
				CLANG_WARN_DIRECT_OBJC_ISA_USAGE = YES_ERROR;
				CLANG_WARN_EMPTY_BODY = YES;
				CLANG_WARN_ENUM_CONVERSION = YES;
				CLANG_WARN_INFINITE_RECURSION = YES;
				CLANG_WARN_INT_CONVERSION = YES;
				CLANG_WARN_OBJC_ROOT_CLASS = YES_ERROR;
				CLANG_WARN_SUSPICIOUS_MOVE = YES;
				CLANG_WARN_UNREACHABLE_CODE = YES;
				CLANG_WARN__DUPLICATE_METHOD_MATCH = YES;
				"CODE_SIGN_IDENTITY[sdk=iphoneos*]" = "iPhone Developer";
				COPY_PHASE_STRIP = NO;
				ENABLE_STRICT_OBJC_MSGSEND = YES;
				ENABLE_TESTABILITY = YES;
				GCC_C_LANGUAGE_STANDARD = gnu99;
				GCC_DYNAMIC_NO_PIC = NO;
				GCC_NO_COMMON_BLOCKS = YES;
				GCC_OPTIMIZATION_LEVEL = 0;
				GCC_PREPROCESSOR_DEFINITIONS = (
					"DEBUG=1",
					"$(inherited)",
				);
				GCC_SYMBOLS_PRIVATE_EXTERN = NO;
				GCC_WARN_64_TO_32_BIT_CONVERSION = YES;
				GCC_WARN_ABOUT_RETURN_TYPE = YES_ERROR;
				GCC_WARN_UNDECLARED_SELECTOR = YES;
				GCC_WARN_UNINITIALIZED_AUTOS = YES_AGGRESSIVE;
				GCC_WARN_UNUSED_FUNCTION = YES;
				GCC_WARN_UNUSED_VARIABLE = YES;
				IPHONEOS_DEPLOYMENT_TARGET = 8.0;
				ONLY_ACTIVE_ARCH = YES;
				SDKROOT = iphoneos;
				TARGETED_DEVICE_FAMILY = "1,2";
			};
			name = Debug;
		};
		A1C9177D1AF60266002EBAFE /* Release */ = {
			isa = XCBuildConfiguration;
			buildSettings = {
				ALWAYS_SEARCH_USER_PATHS = NO;
				CLANG_CXX_LANGUAGE_STANDARD = "gnu++0x";
				CLANG_CXX_LIBRARY = "libc++";
				CLANG_ENABLE_MODULES = YES;
				CLANG_ENABLE_OBJC_ARC = YES;
				CLANG_WARN_BOOL_CONVERSION = YES;
				CLANG_WARN_CONSTANT_CONVERSION = YES;
				CLANG_WARN_DIRECT_OBJC_ISA_USAGE = YES_ERROR;
				CLANG_WARN_EMPTY_BODY = YES;
				CLANG_WARN_ENUM_CONVERSION = YES;
				CLANG_WARN_INFINITE_RECURSION = YES;
				CLANG_WARN_INT_CONVERSION = YES;
				CLANG_WARN_OBJC_ROOT_CLASS = YES_ERROR;
				CLANG_WARN_SUSPICIOUS_MOVE = YES;
				CLANG_WARN_UNREACHABLE_CODE = YES;
				CLANG_WARN__DUPLICATE_METHOD_MATCH = YES;
				"CODE_SIGN_IDENTITY[sdk=iphoneos*]" = "iPhone Developer";
				COPY_PHASE_STRIP = YES;
				ENABLE_NS_ASSERTIONS = NO;
				ENABLE_STRICT_OBJC_MSGSEND = YES;
				GCC_C_LANGUAGE_STANDARD = gnu99;
				GCC_NO_COMMON_BLOCKS = YES;
				GCC_WARN_64_TO_32_BIT_CONVERSION = YES;
				GCC_WARN_ABOUT_RETURN_TYPE = YES_ERROR;
				GCC_WARN_UNDECLARED_SELECTOR = YES;
				GCC_WARN_UNINITIALIZED_AUTOS = YES_AGGRESSIVE;
				GCC_WARN_UNUSED_FUNCTION = YES;
				GCC_WARN_UNUSED_VARIABLE = YES;
				IPHONEOS_DEPLOYMENT_TARGET = 8.0;
				SDKROOT = iphoneos;
				TARGETED_DEVICE_FAMILY = "1,2";
				VALIDATE_PRODUCT = YES;
			};
			name = Release;
		};
		A1C9177F1AF60266002EBAFE /* Debug */ = {
			isa = XCBuildConfiguration;
			buildSettings = {
				ASSETCATALOG_COMPILER_APPICON_NAME = AppIcon;
				ASSETCATALOG_COMPILER_LAUNCHIMAGE_NAME = LaunchImage;
				CODE_SIGN_IDENTITY = "iPhone Developer";
				"CODE_SIGN_IDENTITY[sdk=iphoneos*]" = "iPhone Developer";
				GCC_PRECOMPILE_PREFIX_HEADER = YES;
				GCC_PREFIX_HEADER = "WB/WB-Prefix.pch";
				INFOPLIST_FILE = "WB/WB-Info.plist";
				IPHONEOS_DEPLOYMENT_TARGET = 8.0;
				PRODUCT_BUNDLE_IDENTIFIER = "com.smokeybayair.$(PRODUCT_NAME:rfc1034identifier)";
				PRODUCT_NAME = "$(TARGET_NAME)";
				PROVISIONING_PROFILE = "";
				WRAPPER_EXTENSION = app;
			};
			name = Debug;
		};
		A1C917801AF60266002EBAFE /* Release */ = {
			isa = XCBuildConfiguration;
			buildSettings = {
				ASSETCATALOG_COMPILER_APPICON_NAME = AppIcon;
				ASSETCATALOG_COMPILER_LAUNCHIMAGE_NAME = LaunchImage;
				CODE_SIGN_IDENTITY = "iPhone Developer";
				"CODE_SIGN_IDENTITY[sdk=iphoneos*]" = "iPhone Developer";
				GCC_PRECOMPILE_PREFIX_HEADER = YES;
				GCC_PREFIX_HEADER = "WB/WB-Prefix.pch";
				INFOPLIST_FILE = "WB/WB-Info.plist";
				IPHONEOS_DEPLOYMENT_TARGET = 8.0;
				PRODUCT_BUNDLE_IDENTIFIER = "com.smokeybayair.$(PRODUCT_NAME:rfc1034identifier)";
				PRODUCT_NAME = "$(TARGET_NAME)";
				PROVISIONING_PROFILE = "";
				WRAPPER_EXTENSION = app;
			};
			name = Release;
		};
		A1C917821AF60266002EBAFE /* Debug */ = {
			isa = XCBuildConfiguration;
			buildSettings = {
				BUNDLE_LOADER = "$(BUILT_PRODUCTS_DIR)/WB.app/WB";
				FRAMEWORK_SEARCH_PATHS = (
					"$(SDKROOT)/Developer/Library/Frameworks",
					"$(inherited)",
					"$(DEVELOPER_FRAMEWORKS_DIR)",
				);
				GCC_PRECOMPILE_PREFIX_HEADER = YES;
				GCC_PREFIX_HEADER = "WB/WB-Prefix.pch";
				GCC_PREPROCESSOR_DEFINITIONS = (
					"DEBUG=1",
					"$(inherited)",
				);
				INFOPLIST_FILE = "WBTests/WBTests-Info.plist";
				PRODUCT_BUNDLE_IDENTIFIER = "smokeybayair.${PRODUCT_NAME:rfc1034identifier}";
				PRODUCT_NAME = "$(TARGET_NAME)";
				TEST_HOST = "$(BUNDLE_LOADER)";
				WRAPPER_EXTENSION = xctest;
			};
			name = Debug;
		};
		A1C917831AF60266002EBAFE /* Release */ = {
			isa = XCBuildConfiguration;
			buildSettings = {
				BUNDLE_LOADER = "$(BUILT_PRODUCTS_DIR)/WB.app/WB";
				FRAMEWORK_SEARCH_PATHS = (
					"$(SDKROOT)/Developer/Library/Frameworks",
					"$(inherited)",
					"$(DEVELOPER_FRAMEWORKS_DIR)",
				);
				GCC_PRECOMPILE_PREFIX_HEADER = YES;
				GCC_PREFIX_HEADER = "WB/WB-Prefix.pch";
				INFOPLIST_FILE = "WBTests/WBTests-Info.plist";
				PRODUCT_BUNDLE_IDENTIFIER = "smokeybayair.${PRODUCT_NAME:rfc1034identifier}";
				PRODUCT_NAME = "$(TARGET_NAME)";
				TEST_HOST = "$(BUNDLE_LOADER)";
				WRAPPER_EXTENSION = xctest;
			};
			name = Release;
		};
/* End XCBuildConfiguration section */

/* Begin XCConfigurationList section */
		A1C917441AF60266002EBAFE /* Build configuration list for PBXProject "WB" */ = {
			isa = XCConfigurationList;
			buildConfigurations = (
				A1C9177C1AF60266002EBAFE /* Debug */,
				A1C9177D1AF60266002EBAFE /* Release */,
			);
			defaultConfigurationIsVisible = 0;
			defaultConfigurationName = Release;
		};
		A1C9177E1AF60266002EBAFE /* Build configuration list for PBXNativeTarget "WB" */ = {
			isa = XCConfigurationList;
			buildConfigurations = (
				A1C9177F1AF60266002EBAFE /* Debug */,
				A1C917801AF60266002EBAFE /* Release */,
			);
			defaultConfigurationIsVisible = 0;
			defaultConfigurationName = Release;
		};
		A1C917811AF60266002EBAFE /* Build configuration list for PBXNativeTarget "WBTests" */ = {
			isa = XCConfigurationList;
			buildConfigurations = (
				A1C917821AF60266002EBAFE /* Debug */,
				A1C917831AF60266002EBAFE /* Release */,
			);
			defaultConfigurationIsVisible = 0;
			defaultConfigurationName = Release;
		};
/* End XCConfigurationList section */

/* Begin XCVersionGroup section */
		A5B4F35F1B0704CE00ED5DB0 /* Model.xcdatamodeld */ = {
			isa = XCVersionGroup;
			children = (
				A5B4F3601B0704CE00ED5DB0 /* Model.xcdatamodel */,
			);
			currentVersion = A5B4F3601B0704CE00ED5DB0 /* Model.xcdatamodel */;
			path = Model.xcdatamodeld;
			sourceTree = "<group>";
			versionGroupType = wrapper.xcdatamodel;
		};
/* End XCVersionGroup section */
	};
	rootObject = A1C917411AF60266002EBAFE /* Project object */;
}
